
Microsoft Visual Studio Solution File, Format Version 12.00
# Visual Studio Version 17
VisualStudioVersion = 17.5.002.0
MinimumVisualStudioVersion = 10.0.40219.1
Project("{9A19103F-16F7-4668-BE54-9A1E7A4F7556}") = "ForgotPasswordApp", "ForgotPasswordApp.csproj", "{46455B7F-2791-4F02-BFFD-D8E3DD762E25}"
EndProject
Global
	GlobalSection(SolutionConfigurationPlatforms) = preSolution
		Debug|Any CPU = Debug|Any CPU
		Release|Any CPU = Release|Any CPU
	EndGlobalSection
	GlobalSection(ProjectConfigurationPlatforms) = postSolution
		{46455B7F-2791-4F02-BFFD-D8E3DD762E25}.Debug|Any CPU.ActiveCfg = Debug|Any CPU
		{46455B7F-2791-4F02-BFFD-D8E3DD762E25}.Debug|Any CPU.Build.0 = Debug|Any CPU
		{46455B7F-2791-4F02-BFFD-D8E3DD762E25}.Release|Any CPU.ActiveCfg = Release|Any CPU
		{46455B7F-2791-4F02-BFFD-D8E3DD762E25}.Release|Any CPU.Build.0 = Release|Any CPU
	EndGlobalSection
	GlobalSection(SolutionProperties) = preSolution
		HideSolutionNode = FALSE
	EndGlobalSection
	GlobalSection(ExtensibilityGlobals) = postSolution
		SolutionGuid = {2F47E31A-268B-4D6F-91F3-FAEC7E0A6ED3}
	EndGlobalSection
EndGlobal
